<?xml version="1.0" encoding="utf-8"?>
<Project ToolsVersion="4.0" xmlns="http://schemas.microsoft.com/developer/msbuild/2003">
  <ItemGroup>
    <Filter Include="tests">
      <UniqueIdentifier>{6819f0e9-42e4-4b1b-ad7e-708f187f84a7}</UniqueIdentifier>
    </Filter>
  </ItemGroup>
  <ItemGroup>
    <ClCompile Include="..\tests\peer-test.cpp">
      <Filter>tests</Filter>
    </ClCompile>
    <ClCompile Include="..\tests\main-test.cpp">
      <Filter>tests</Filter>
    </ClCompile>
    <ClCompile Include="..\tests\crypto-test.cpp">
      <Filter>tests</Filter>
    </ClCompile>
    <ClCompile Include="..\tests\echo.cpp">
      <Filter>tests</Filter>
    </ClCompile>
    <ClCompile Include="..\tests\exceptor-test.cpp">
      <Filter>tests</Filter>
    </ClCompile>
  </ItemGroup>
</Project>